
Microsoft Visual Studio Solution File, Format Version 12.00
# Visual Studio Version 17
VisualStudioVersion = 17.8.34511.84
MinimumVisualStudioVersion = 10.0.40219.1
Project("{FAE04EC0-301F-11D3-BF4B-00C04F79EFBC}") = "APITestProject", "APITestProject\APITestProject.csproj", "{FC545C04-F064-4C87-9958-7D9BACE4DF48}"
EndProject
Global
	GlobalSection(SolutionConfigurationPlatforms) = preSolution
		Debug|Any CPU = Debug|Any CPU
		Release|Any CPU = Release|Any CPU
	EndGlobalSection
	GlobalSection(ProjectConfigurationPlatforms) = postSolution
		{FC545C04-F064-4C87-9958-7D9BACE4DF48}.Debug|Any CPU.ActiveCfg = Debug|Any CPU
		{FC545C04-F064-4C87-9958-7D9BACE4DF48}.Debug|Any CPU.Build.0 = Debug|Any CPU
		{FC545C04-F064-4C87-9958-7D9BACE4DF48}.Release|Any CPU.ActiveCfg = Release|Any CPU
		{FC545C04-F064-4C87-9958-7D9BACE4DF48}.Release|Any CPU.Build.0 = Release|Any CPU
	EndGlobalSection
	GlobalSection(SolutionProperties) = preSolution
		HideSolutionNode = FALSE
	EndGlobalSection
	GlobalSection(ExtensibilityGlobals) = postSolution
		SolutionGuid = {5DB31045-0C4D-4C03-80D1-09A8BE2C2DB1}
	EndGlobalSection
EndGlobal
